// !$*UTF8*$!
{
	archiveVersion = 1;
	classes = {
	};
	objectVersion = 46;
	objects = {

/* Begin PBXBuildFile section */
		4212EFAF1DD7813D00440814 /* TabBarViewController.swift in Sources */ = {isa = PBXBuildFile; fileRef = 4212EFAE1DD7813D00440814 /* TabBarViewController.swift */; };
		424A49851DE404AB00427B20 /* Notifications.swift in Sources */ = {isa = PBXBuildFile; fileRef = 424A49841DE404AB00427B20 /* Notifications.swift */; };
		428B624A1DED450A00101ED3 /* Frequency.swift in Sources */ = {isa = PBXBuildFile; fileRef = 428B62491DED450A00101ED3 /* Frequency.swift */; };
		42F23E581DD564C800CB8FB1 /* Milestone.swift in Sources */ = {isa = PBXBuildFile; fileRef = 42F23E571DD564C800CB8FB1 /* Milestone.swift */; };
		42FE5E071DD6656900E63BFF /* WelcomeViewController.swift in Sources */ = {isa = PBXBuildFile; fileRef = 42FE5E061DD6656900E63BFF /* WelcomeViewController.swift */; };
		42FE5E091DD6712200E63BFF /* TutorialViewController.swift in Sources */ = {isa = PBXBuildFile; fileRef = 42FE5E081DD6712100E63BFF /* TutorialViewController.swift */; };
		42FE5E0B1DD6749900E63BFF /* NewQuestViewController.swift in Sources */ = {isa = PBXBuildFile; fileRef = 42FE5E0A1DD6749900E63BFF /* NewQuestViewController.swift */; };
		42FE5E0E1DD68ADF00E63BFF /* Extensions.swift in Sources */ = {isa = PBXBuildFile; fileRef = 42FE5E0D1DD68ADF00E63BFF /* Extensions.swift */; };
		42FE5E101DD777EB00E63BFF /* MilestoneViewController.swift in Sources */ = {isa = PBXBuildFile; fileRef = 42FE5E0F1DD777EA00E63BFF /* MilestoneViewController.swift */; };
		42FE5E121DD777FE00E63BFF /* ActivityTimelineViewController.swift in Sources */ = {isa = PBXBuildFile; fileRef = 42FE5E111DD777FE00E63BFF /* ActivityTimelineViewController.swift */; };
		8EBDF8C9C91D15816A39D3CA /* Pods_LevelUp.framework in Frameworks */ = {isa = PBXBuildFile; fileRef = 85D0004153DD4E42E4AE2BC6 /* Pods_LevelUp.framework */; };
		9617549C1DD459E900080277 /* QuestTableViewCell.swift in Sources */ = {isa = PBXBuildFile; fileRef = 9617549A1DD459E900080277 /* QuestTableViewCell.swift */; };
		9617549D1DD459E900080277 /* QuestTableViewCell.xib in Resources */ = {isa = PBXBuildFile; fileRef = 9617549B1DD459E900080277 /* QuestTableViewCell.xib */; };
		961754A01DD45BFB00080277 /* ProfileViewController.swift in Sources */ = {isa = PBXBuildFile; fileRef = 9617549F1DD45BFB00080277 /* ProfileViewController.swift */; };
		961754A21DD45E0700080277 /* Quest.swift in Sources */ = {isa = PBXBuildFile; fileRef = 961754A11DD45E0700080277 /* Quest.swift */; };
		961754A51DD5254400080277 /* LevelUpClient.swift in Sources */ = {isa = PBXBuildFile; fileRef = 961754A41DD5254400080277 /* LevelUpClient.swift */; };
		964EB3B91DD67F710081CA30 /* ActivityTableViewCell.swift in Sources */ = {isa = PBXBuildFile; fileRef = 964EB3B71DD67F710081CA30 /* ActivityTableViewCell.swift */; };
		964EB3BA1DD67F710081CA30 /* ActivityTableViewCell.xib in Resources */ = {isa = PBXBuildFile; fileRef = 964EB3B81DD67F710081CA30 /* ActivityTableViewCell.xib */; };
		966688481DE068B300259542 /* AppColors.swift in Sources */ = {isa = PBXBuildFile; fileRef = 966688471DE068B300259542 /* AppColors.swift */; };
		968CB7041DD4571F002D565E /* AppDelegate.swift in Sources */ = {isa = PBXBuildFile; fileRef = 968CB7031DD4571F002D565E /* AppDelegate.swift */; };
		968CB7091DD4571F002D565E /* Main.storyboard in Resources */ = {isa = PBXBuildFile; fileRef = 968CB7071DD4571F002D565E /* Main.storyboard */; };
		968CB70B1DD4571F002D565E /* Assets.xcassets in Resources */ = {isa = PBXBuildFile; fileRef = 968CB70A1DD4571F002D565E /* Assets.xcassets */; };
		968CB70E1DD4571F002D565E /* LaunchScreen.storyboard in Resources */ = {isa = PBXBuildFile; fileRef = 968CB70C1DD4571F002D565E /* LaunchScreen.storyboard */; };
		96AD22041DED4CD900B3C7C1 /* ActivityTimelienTableViewCell.swift in Sources */ = {isa = PBXBuildFile; fileRef = 96AD22021DED4CD900B3C7C1 /* ActivityTimelienTableViewCell.swift */; };
		96AD22051DED4CD900B3C7C1 /* ActivityTimelienTableViewCell.xib in Resources */ = {isa = PBXBuildFile; fileRef = 96AD22031DED4CD900B3C7C1 /* ActivityTimelienTableViewCell.xib */; };
		96EAA7901DE1386000A582C4 /* ActiivityView.swift in Sources */ = {isa = PBXBuildFile; fileRef = 96EAA78F1DE1386000A582C4 /* ActiivityView.swift */; };
/* End PBXBuildFile section */

/* Begin PBXFileReference section */
		4212EFAE1DD7813D00440814 /* TabBarViewController.swift */ = {isa = PBXFileReference; fileEncoding = 4; lastKnownFileType = sourcecode.swift; path = TabBarViewController.swift; sourceTree = "<group>"; };
		424A49841DE404AB00427B20 /* Notifications.swift */ = {isa = PBXFileReference; fileEncoding = 4; lastKnownFileType = sourcecode.swift; path = Notifications.swift; sourceTree = "<group>"; };
		428B62491DED450A00101ED3 /* Frequency.swift */ = {isa = PBXFileReference; fileEncoding = 4; lastKnownFileType = sourcecode.swift; path = Frequency.swift; sourceTree = "<group>"; };
		42F23E571DD564C800CB8FB1 /* Milestone.swift */ = {isa = PBXFileReference; fileEncoding = 4; lastKnownFileType = sourcecode.swift; path = Milestone.swift; sourceTree = "<group>"; };
		42FE5E061DD6656900E63BFF /* WelcomeViewController.swift */ = {isa = PBXFileReference; fileEncoding = 4; lastKnownFileType = sourcecode.swift; path = WelcomeViewController.swift; sourceTree = "<group>"; };
		42FE5E081DD6712100E63BFF /* TutorialViewController.swift */ = {isa = PBXFileReference; fileEncoding = 4; lastKnownFileType = sourcecode.swift; path = TutorialViewController.swift; sourceTree = "<group>"; };
		42FE5E0A1DD6749900E63BFF /* NewQuestViewController.swift */ = {isa = PBXFileReference; fileEncoding = 4; lastKnownFileType = sourcecode.swift; path = NewQuestViewController.swift; sourceTree = "<group>"; };
		42FE5E0D1DD68ADF00E63BFF /* Extensions.swift */ = {isa = PBXFileReference; fileEncoding = 4; lastKnownFileType = sourcecode.swift; path = Extensions.swift; sourceTree = "<group>"; };
		42FE5E0F1DD777EA00E63BFF /* MilestoneViewController.swift */ = {isa = PBXFileReference; fileEncoding = 4; lastKnownFileType = sourcecode.swift; path = MilestoneViewController.swift; sourceTree = "<group>"; };
		42FE5E111DD777FE00E63BFF /* ActivityTimelineViewController.swift */ = {isa = PBXFileReference; fileEncoding = 4; lastKnownFileType = sourcecode.swift; path = ActivityTimelineViewController.swift; sourceTree = "<group>"; };
		85D0004153DD4E42E4AE2BC6 /* Pods_LevelUp.framework */ = {isa = PBXFileReference; explicitFileType = wrapper.framework; includeInIndex = 0; path = Pods_LevelUp.framework; sourceTree = BUILT_PRODUCTS_DIR; };
		9617549A1DD459E900080277 /* QuestTableViewCell.swift */ = {isa = PBXFileReference; fileEncoding = 4; lastKnownFileType = sourcecode.swift; path = QuestTableViewCell.swift; sourceTree = "<group>"; };
		9617549B1DD459E900080277 /* QuestTableViewCell.xib */ = {isa = PBXFileReference; fileEncoding = 4; lastKnownFileType = file.xib; path = QuestTableViewCell.xib; sourceTree = "<group>"; };
		9617549F1DD45BFB00080277 /* ProfileViewController.swift */ = {isa = PBXFileReference; fileEncoding = 4; lastKnownFileType = sourcecode.swift; path = ProfileViewController.swift; sourceTree = "<group>"; };
		961754A11DD45E0700080277 /* Quest.swift */ = {isa = PBXFileReference; fileEncoding = 4; lastKnownFileType = sourcecode.swift; path = Quest.swift; sourceTree = "<group>"; };
		961754A41DD5254400080277 /* LevelUpClient.swift */ = {isa = PBXFileReference; fileEncoding = 4; lastKnownFileType = sourcecode.swift; path = LevelUpClient.swift; sourceTree = "<group>"; };
		964EB3B71DD67F710081CA30 /* ActivityTableViewCell.swift */ = {isa = PBXFileReference; fileEncoding = 4; lastKnownFileType = sourcecode.swift; path = ActivityTableViewCell.swift; sourceTree = "<group>"; };
		964EB3B81DD67F710081CA30 /* ActivityTableViewCell.xib */ = {isa = PBXFileReference; fileEncoding = 4; lastKnownFileType = file.xib; path = ActivityTableViewCell.xib; sourceTree = "<group>"; };
		966688471DE068B300259542 /* AppColors.swift */ = {isa = PBXFileReference; fileEncoding = 4; lastKnownFileType = sourcecode.swift; path = AppColors.swift; sourceTree = "<group>"; };
		968CB7001DD4571F002D565E /* LevelUp.app */ = {isa = PBXFileReference; explicitFileType = wrapper.application; includeInIndex = 0; path = LevelUp.app; sourceTree = BUILT_PRODUCTS_DIR; };
		968CB7031DD4571F002D565E /* AppDelegate.swift */ = {isa = PBXFileReference; lastKnownFileType = sourcecode.swift; path = AppDelegate.swift; sourceTree = "<group>"; };
		968CB7081DD4571F002D565E /* Base */ = {isa = PBXFileReference; lastKnownFileType = file.storyboard; name = Base; path = Base.lproj/Main.storyboard; sourceTree = "<group>"; };
		968CB70A1DD4571F002D565E /* Assets.xcassets */ = {isa = PBXFileReference; lastKnownFileType = folder.assetcatalog; path = Assets.xcassets; sourceTree = "<group>"; };
		968CB70D1DD4571F002D565E /* Base */ = {isa = PBXFileReference; lastKnownFileType = file.storyboard; name = Base; path = Base.lproj/LaunchScreen.storyboard; sourceTree = "<group>"; };
		968CB70F1DD4571F002D565E /* Info.plist */ = {isa = PBXFileReference; lastKnownFileType = text.plist.xml; path = Info.plist; sourceTree = "<group>"; };
		96AD22021DED4CD900B3C7C1 /* ActivityTimelienTableViewCell.swift */ = {isa = PBXFileReference; fileEncoding = 4; lastKnownFileType = sourcecode.swift; path = ActivityTimelienTableViewCell.swift; sourceTree = "<group>"; };
		96AD22031DED4CD900B3C7C1 /* ActivityTimelienTableViewCell.xib */ = {isa = PBXFileReference; fileEncoding = 4; lastKnownFileType = file.xib; path = ActivityTimelienTableViewCell.xib; sourceTree = "<group>"; };
		96EAA78F1DE1386000A582C4 /* ActiivityView.swift */ = {isa = PBXFileReference; fileEncoding = 4; lastKnownFileType = sourcecode.swift; path = ActiivityView.swift; sourceTree = "<group>"; };
		C98740D3F5870BAF99ED43AF /* Pods-LevelUp.release.xcconfig */ = {isa = PBXFileReference; includeInIndex = 1; lastKnownFileType = text.xcconfig; name = "Pods-LevelUp.release.xcconfig"; path = "Pods/Target Support Files/Pods-LevelUp/Pods-LevelUp.release.xcconfig"; sourceTree = "<group>"; };
		D161F0C0F2C0C56B63FB7D4A /* Pods-LevelUp.debug.xcconfig */ = {isa = PBXFileReference; includeInIndex = 1; lastKnownFileType = text.xcconfig; name = "Pods-LevelUp.debug.xcconfig"; path = "Pods/Target Support Files/Pods-LevelUp/Pods-LevelUp.debug.xcconfig"; sourceTree = "<group>"; };
/* End PBXFileReference section */

/* Begin PBXFrameworksBuildPhase section */
		968CB6FD1DD4571F002D565E /* Frameworks */ = {
			isa = PBXFrameworksBuildPhase;
			buildActionMask = 2147483647;
			files = (
				8EBDF8C9C91D15816A39D3CA /* Pods_LevelUp.framework in Frameworks */,
			);
			runOnlyForDeploymentPostprocessing = 0;
		};
/* End PBXFrameworksBuildPhase section */

/* Begin PBXGroup section */
		04BE540BB2259697039076A8 /* Frameworks */ = {
			isa = PBXGroup;
			children = (
				85D0004153DD4E42E4AE2BC6 /* Pods_LevelUp.framework */,
			);
			name = Frameworks;
			sourceTree = "<group>";
		};
		42FE5E0C1DD68ACE00E63BFF /* Helpers */ = {
			isa = PBXGroup;
			children = (
				42FE5E0D1DD68ADF00E63BFF /* Extensions.swift */,
				966688471DE068B300259542 /* AppColors.swift */,
			);
			name = Helpers;
			sourceTree = "<group>";
		};
		479B3DCCD1D639F3C89C6D69 /* Pods */ = {
			isa = PBXGroup;
			children = (
				D161F0C0F2C0C56B63FB7D4A /* Pods-LevelUp.debug.xcconfig */,
				C98740D3F5870BAF99ED43AF /* Pods-LevelUp.release.xcconfig */,
			);
			name = Pods;
			sourceTree = "<group>";
		};
		961754951DD458A000080277 /* Views */ = {
			isa = PBXGroup;
			children = (
				9617549A1DD459E900080277 /* QuestTableViewCell.swift */,
				9617549B1DD459E900080277 /* QuestTableViewCell.xib */,
				964EB3B71DD67F710081CA30 /* ActivityTableViewCell.swift */,
				964EB3B81DD67F710081CA30 /* ActivityTableViewCell.xib */,
				96EAA78F1DE1386000A582C4 /* ActiivityView.swift */,
				96AD22021DED4CD900B3C7C1 /* ActivityTimelienTableViewCell.swift */,
				96AD22031DED4CD900B3C7C1 /* ActivityTimelienTableViewCell.xib */,
			);
			name = Views;
			sourceTree = "<group>";
		};
		961754961DD458A600080277 /* View Controllers */ = {
			isa = PBXGroup;
			children = (
				9617549F1DD45BFB00080277 /* ProfileViewController.swift */,
				42FE5E061DD6656900E63BFF /* WelcomeViewController.swift */,
				42FE5E081DD6712100E63BFF /* TutorialViewController.swift */,
				42FE5E0A1DD6749900E63BFF /* NewQuestViewController.swift */,
				42FE5E0F1DD777EA00E63BFF /* MilestoneViewController.swift */,
				42FE5E111DD777FE00E63BFF /* ActivityTimelineViewController.swift */,
				4212EFAE1DD7813D00440814 /* TabBarViewController.swift */,
			);
			name = "View Controllers";
			sourceTree = "<group>";
		};
		961754971DD458AC00080277 /* Models */ = {
			isa = PBXGroup;
			children = (
				961754A11DD45E0700080277 /* Quest.swift */,
				42F23E571DD564C800CB8FB1 /* Milestone.swift */,
				424A49841DE404AB00427B20 /* Notifications.swift */,
				428B62491DED450A00101ED3 /* Frequency.swift */,
			);
			name = Models;
			sourceTree = "<group>";
		};
		961754A31DD5253300080277 /* API */ = {
			isa = PBXGroup;
			children = (
				961754A41DD5254400080277 /* LevelUpClient.swift */,
			);
			name = API;
			sourceTree = "<group>";
		};
		968CB6F71DD4571F002D565E = {
			isa = PBXGroup;
			children = (
				968CB7021DD4571F002D565E /* LevelUp */,
				968CB7011DD4571F002D565E /* Products */,
				479B3DCCD1D639F3C89C6D69 /* Pods */,
				04BE540BB2259697039076A8 /* Frameworks */,
			);
			sourceTree = "<group>";
		};
		968CB7011DD4571F002D565E /* Products */ = {
			isa = PBXGroup;
			children = (
				968CB7001DD4571F002D565E /* LevelUp.app */,
			);
			name = Products;
			sourceTree = "<group>";
		};
		968CB7021DD4571F002D565E /* LevelUp */ = {
			isa = PBXGroup;
			children = (
				42FE5E0C1DD68ACE00E63BFF /* Helpers */,
				961754A31DD5253300080277 /* API */,
				961754971DD458AC00080277 /* Models */,
				961754961DD458A600080277 /* View Controllers */,
				961754951DD458A000080277 /* Views */,
				968CB7031DD4571F002D565E /* AppDelegate.swift */,
				968CB7071DD4571F002D565E /* Main.storyboard */,
				968CB70A1DD4571F002D565E /* Assets.xcassets */,
				968CB70C1DD4571F002D565E /* LaunchScreen.storyboard */,
				968CB70F1DD4571F002D565E /* Info.plist */,
			);
			path = LevelUp;
			sourceTree = "<group>";
		};
/* End PBXGroup section */

/* Begin PBXNativeTarget section */
		968CB6FF1DD4571F002D565E /* LevelUp */ = {
			isa = PBXNativeTarget;
			buildConfigurationList = 968CB7121DD4571F002D565E /* Build configuration list for PBXNativeTarget "LevelUp" */;
			buildPhases = (
				492902E98FABBCD2D41E073A /* [CP] Check Pods Manifest.lock */,
				968CB6FC1DD4571F002D565E /* Sources */,
				968CB6FD1DD4571F002D565E /* Frameworks */,
				968CB6FE1DD4571F002D565E /* Resources */,
				2EEE37D9D15EB84C7C19BC13 /* [CP] Embed Pods Frameworks */,
				67D13D1230BB2AD6ECCC35D3 /* [CP] Copy Pods Resources */,
			);
			buildRules = (
			);
			dependencies = (
			);
			name = LevelUp;
			productName = LevelUp;
			productReference = 968CB7001DD4571F002D565E /* LevelUp.app */;
			productType = "com.apple.product-type.application";
		};
/* End PBXNativeTarget section */

/* Begin PBXProject section */
		968CB6F81DD4571F002D565E /* Project object */ = {
			isa = PBXProject;
			attributes = {
				LastSwiftUpdateCheck = 0800;
				LastUpgradeCheck = 0800;
				ORGANIZATIONNAME = jasonify;
				TargetAttributes = {
					968CB6FF1DD4571F002D565E = {
						CreatedOnToolsVersion = 8.0;
						DevelopmentTeam = GFSP92A3FB;
						ProvisioningStyle = Automatic;
					};
				};
			};
			buildConfigurationList = 968CB6FB1DD4571F002D565E /* Build configuration list for PBXProject "LevelUp" */;
			compatibilityVersion = "Xcode 3.2";
			developmentRegion = English;
			hasScannedForEncodings = 0;
			knownRegions = (
				en,
				Base,
			);
			mainGroup = 968CB6F71DD4571F002D565E;
			productRefGroup = 968CB7011DD4571F002D565E /* Products */;
			projectDirPath = "";
			projectRoot = "";
			targets = (
				968CB6FF1DD4571F002D565E /* LevelUp */,
			);
		};
/* End PBXProject section */

/* Begin PBXResourcesBuildPhase section */
		968CB6FE1DD4571F002D565E /* Resources */ = {
			isa = PBXResourcesBuildPhase;
			buildActionMask = 2147483647;
			files = (
				9617549D1DD459E900080277 /* QuestTableViewCell.xib in Resources */,
				968CB70E1DD4571F002D565E /* LaunchScreen.storyboard in Resources */,
				964EB3BA1DD67F710081CA30 /* ActivityTableViewCell.xib in Resources */,
				96AD22051DED4CD900B3C7C1 /* ActivityTimelienTableViewCell.xib in Resources */,
				968CB70B1DD4571F002D565E /* Assets.xcassets in Resources */,
				968CB7091DD4571F002D565E /* Main.storyboard in Resources */,
			);
			runOnlyForDeploymentPostprocessing = 0;
		};
/* End PBXResourcesBuildPhase section */

/* Begin PBXShellScriptBuildPhase section */
		2EEE37D9D15EB84C7C19BC13 /* [CP] Embed Pods Frameworks */ = {
			isa = PBXShellScriptBuildPhase;
			buildActionMask = 2147483647;
			files = (
			);
			inputPaths = (
			);
			name = "[CP] Embed Pods Frameworks";
			outputPaths = (
			);
			runOnlyForDeploymentPostprocessing = 0;
			shellPath = /bin/sh;
			shellScript = "\"${SRCROOT}/Pods/Target Support Files/Pods-LevelUp/Pods-LevelUp-frameworks.sh\"\n";
			showEnvVarsInLog = 0;
		};
		492902E98FABBCD2D41E073A /* [CP] Check Pods Manifest.lock */ = {
			isa = PBXShellScriptBuildPhase;
			buildActionMask = 2147483647;
			files = (
			);
			inputPaths = (
			);
			name = "[CP] Check Pods Manifest.lock";
			outputPaths = (
			);
			runOnlyForDeploymentPostprocessing = 0;
			shellPath = /bin/sh;
			shellScript = "diff \"${PODS_ROOT}/../Podfile.lock\" \"${PODS_ROOT}/Manifest.lock\" > /dev/null\nif [ $? != 0 ] ; then\n    # print error to STDERR\n    echo \"error: The sandbox is not in sync with the Podfile.lock. Run 'pod install' or update your CocoaPods installation.\" >&2\n    exit 1\nfi\n";
			showEnvVarsInLog = 0;
		};
		67D13D1230BB2AD6ECCC35D3 /* [CP] Copy Pods Resources */ = {
			isa = PBXShellScriptBuildPhase;
			buildActionMask = 2147483647;
			files = (
			);
			inputPaths = (
			);
			name = "[CP] Copy Pods Resources";
			outputPaths = (
			);
			runOnlyForDeploymentPostprocessing = 0;
			shellPath = /bin/sh;
			shellScript = "\"${SRCROOT}/Pods/Target Support Files/Pods-LevelUp/Pods-LevelUp-resources.sh\"\n";
			showEnvVarsInLog = 0;
		};
/* End PBXShellScriptBuildPhase section */

/* Begin PBXSourcesBuildPhase section */
		968CB6FC1DD4571F002D565E /* Sources */ = {
			isa = PBXSourcesBuildPhase;
			buildActionMask = 2147483647;
			files = (
				42F23E581DD564C800CB8FB1 /* Milestone.swift in Sources */,
				961754A21DD45E0700080277 /* Quest.swift in Sources */,
				42FE5E121DD777FE00E63BFF /* ActivityTimelineViewController.swift in Sources */,
				966688481DE068B300259542 /* AppColors.swift in Sources */,
				42FE5E0B1DD6749900E63BFF /* NewQuestViewController.swift in Sources */,
				96AD22041DED4CD900B3C7C1 /* ActivityTimelienTableViewCell.swift in Sources */,
				42FE5E091DD6712200E63BFF /* TutorialViewController.swift in Sources */,
				961754A01DD45BFB00080277 /* ProfileViewController.swift in Sources */,
				42FE5E0E1DD68ADF00E63BFF /* Extensions.swift in Sources */,
				968CB7041DD4571F002D565E /* AppDelegate.swift in Sources */,
				964EB3B91DD67F710081CA30 /* ActivityTableViewCell.swift in Sources */,
				961754A51DD5254400080277 /* LevelUpClient.swift in Sources */,
				9617549C1DD459E900080277 /* QuestTableViewCell.swift in Sources */,
				4212EFAF1DD7813D00440814 /* TabBarViewController.swift in Sources */,
				424A49851DE404AB00427B20 /* Notifications.swift in Sources */,
				428B624A1DED450A00101ED3 /* Frequency.swift in Sources */,
				42FE5E071DD6656900E63BFF /* WelcomeViewController.swift in Sources */,
				42FE5E101DD777EB00E63BFF /* MilestoneViewController.swift in Sources */,
				96EAA7901DE1386000A582C4 /* ActiivityView.swift in Sources */,
			);
			runOnlyForDeploymentPostprocessing = 0;
		};
/* End PBXSourcesBuildPhase section */

/* Begin PBXVariantGroup section */
		968CB7071DD4571F002D565E /* Main.storyboard */ = {
			isa = PBXVariantGroup;
			children = (
				968CB7081DD4571F002D565E /* Base */,
			);
			name = Main.storyboard;
			sourceTree = "<group>";
		};
		968CB70C1DD4571F002D565E /* LaunchScreen.storyboard */ = {
			isa = PBXVariantGroup;
			children = (
				968CB70D1DD4571F002D565E /* Base */,
			);
			name = LaunchScreen.storyboard;
			sourceTree = "<group>";
		};
/* End PBXVariantGroup section */

/* Begin XCBuildConfiguration section */
		968CB7101DD4571F002D565E /* Debug */ = {
			isa = XCBuildConfiguration;
			buildSettings = {
				ALWAYS_SEARCH_USER_PATHS = NO;
				CLANG_ANALYZER_NONNULL = YES;
				CLANG_CXX_LANGUAGE_STANDARD = "gnu++0x";
				CLANG_CXX_LIBRARY = "libc++";
				CLANG_ENABLE_MODULES = YES;
				CLANG_ENABLE_OBJC_ARC = YES;
				CLANG_WARN_BOOL_CONVERSION = YES;
				CLANG_WARN_CONSTANT_CONVERSION = YES;
				CLANG_WARN_DIRECT_OBJC_ISA_USAGE = YES_ERROR;
				CLANG_WARN_DOCUMENTATION_COMMENTS = YES;
				CLANG_WARN_EMPTY_BODY = YES;
				CLANG_WARN_ENUM_CONVERSION = YES;
				CLANG_WARN_INFINITE_RECURSION = YES;
				CLANG_WARN_INT_CONVERSION = YES;
				CLANG_WARN_OBJC_ROOT_CLASS = YES_ERROR;
				CLANG_WARN_SUSPICIOUS_MOVES = YES;
				CLANG_WARN_UNREACHABLE_CODE = YES;
				CLANG_WARN__DUPLICATE_METHOD_MATCH = YES;
				"CODE_SIGN_IDENTITY[sdk=iphoneos*]" = "iPhone Developer";
				COPY_PHASE_STRIP = NO;
				DEBUG_INFORMATION_FORMAT = dwarf;
				ENABLE_STRICT_OBJC_MSGSEND = YES;
				ENABLE_TESTABILITY = YES;
				GCC_C_LANGUAGE_STANDARD = gnu99;
				GCC_DYNAMIC_NO_PIC = NO;
				GCC_NO_COMMON_BLOCKS = YES;
				GCC_OPTIMIZATION_LEVEL = 0;
				GCC_PREPROCESSOR_DEFINITIONS = (
					"DEBUG=1",
					"$(inherited)",
				);
				GCC_WARN_64_TO_32_BIT_CONVERSION = YES;
				GCC_WARN_ABOUT_RETURN_TYPE = YES_ERROR;
				GCC_WARN_UNDECLARED_SELECTOR = YES;
				GCC_WARN_UNINITIALIZED_AUTOS = YES_AGGRESSIVE;
				GCC_WARN_UNUSED_FUNCTION = YES;
				GCC_WARN_UNUSED_VARIABLE = YES;
				IPHONEOS_DEPLOYMENT_TARGET = 10.0;
				MTL_ENABLE_DEBUG_INFO = YES;
				ONLY_ACTIVE_ARCH = YES;
				SDKROOT = iphoneos;
				SWIFT_ACTIVE_COMPILATION_CONDITIONS = DEBUG;
				SWIFT_OPTIMIZATION_LEVEL = "-Onone";
			};
			name = Debug;
		};
		968CB7111DD4571F002D565E /* Release */ = {
			isa = XCBuildConfiguration;
			buildSettings = {
				ALWAYS_SEARCH_USER_PATHS = NO;
				CLANG_ANALYZER_NONNULL = YES;
				CLANG_CXX_LANGUAGE_STANDARD = "gnu++0x";
				CLANG_CXX_LIBRARY = "libc++";
				CLANG_ENABLE_MODULES = YES;
				CLANG_ENABLE_OBJC_ARC = YES;
				CLANG_WARN_BOOL_CONVERSION = YES;
				CLANG_WARN_CONSTANT_CONVERSION = YES;
				CLANG_WARN_DIRECT_OBJC_ISA_USAGE = YES_ERROR;
				CLANG_WARN_DOCUMENTATION_COMMENTS = YES;
				CLANG_WARN_EMPTY_BODY = YES;
				CLANG_WARN_ENUM_CONVERSION = YES;
				CLANG_WARN_INFINITE_RECURSION = YES;
				CLANG_WARN_INT_CONVERSION = YES;
				CLANG_WARN_OBJC_ROOT_CLASS = YES_ERROR;
				CLANG_WARN_SUSPICIOUS_MOVES = YES;
				CLANG_WARN_UNREACHABLE_CODE = YES;
				CLANG_WARN__DUPLICATE_METHOD_MATCH = YES;
				"CODE_SIGN_IDENTITY[sdk=iphoneos*]" = "iPhone Developer";
				COPY_PHASE_STRIP = NO;
				DEBUG_INFORMATION_FORMAT = "dwarf-with-dsym";
				ENABLE_NS_ASSERTIONS = NO;
				ENABLE_STRICT_OBJC_MSGSEND = YES;
				GCC_C_LANGUAGE_STANDARD = gnu99;
				GCC_NO_COMMON_BLOCKS = YES;
				GCC_WARN_64_TO_32_BIT_CONVERSION = YES;
				GCC_WARN_ABOUT_RETURN_TYPE = YES_ERROR;
				GCC_WARN_UNDECLARED_SELECTOR = YES;
				GCC_WARN_UNINITIALIZED_AUTOS = YES_AGGRESSIVE;
				GCC_WARN_UNUSED_FUNCTION = YES;
				GCC_WARN_UNUSED_VARIABLE = YES;
				IPHONEOS_DEPLOYMENT_TARGET = 10.0;
				MTL_ENABLE_DEBUG_INFO = NO;
				SDKROOT = iphoneos;
				SWIFT_OPTIMIZATION_LEVEL = "-Owholemodule";
				VALIDATE_PRODUCT = YES;
			};
			name = Release;
		};
		968CB7131DD4571F002D565E /* Debug */ = {
			isa = XCBuildConfiguration;
			baseConfigurationReference = D161F0C0F2C0C56B63FB7D4A /* Pods-LevelUp.debug.xcconfig */;
			buildSettings = {
				ASSETCATALOG_COMPILER_APPICON_NAME = AppIcon;
				DEVELOPMENT_TEAM = GFSP92A3FB;
				INFOPLIST_FILE = LevelUp/Info.plist;
				IPHONEOS_DEPLOYMENT_TARGET = 9.0;
				LD_RUNPATH_SEARCH_PATHS = "$(inherited) @executable_path/Frameworks";
				PRODUCT_BUNDLE_IDENTIFIER = jasonify.LevelUp;
				PRODUCT_NAME = "$(TARGET_NAME)";
				SWIFT_VERSION = 3.0;
			};
			name = Debug;
		};
		968CB7141DD4571F002D565E /* Release */ = {
			isa = XCBuildConfiguration;
			baseConfigurationReference = C98740D3F5870BAF99ED43AF /* Pods-LevelUp.release.xcconfig */;
			buildSettings = {
				ASSETCATALOG_COMPILER_APPICON_NAME = AppIcon;
				DEVELOPMENT_TEAM = GFSP92A3FB;
				INFOPLIST_FILE = LevelUp/Info.plist;
				IPHONEOS_DEPLOYMENT_TARGET = 9.0;
				LD_RUNPATH_SEARCH_PATHS = "$(inherited) @executable_path/Frameworks";
				PRODUCT_BUNDLE_IDENTIFIER = jasonify.LevelUp;
				PRODUCT_NAME = "$(TARGET_NAME)";
				SWIFT_VERSION = 3.0;
			};
			name = Release;
		};
/* End XCBuildConfiguration section */

/* Begin XCConfigurationList section */
		968CB6FB1DD4571F002D565E /* Build configuration list for PBXProject "LevelUp" */ = {
			isa = XCConfigurationList;
			buildConfigurations = (
				968CB7101DD4571F002D565E /* Debug */,
				968CB7111DD4571F002D565E /* Release */,
			);
			defaultConfigurationIsVisible = 0;
			defaultConfigurationName = Release;
		};
		968CB7121DD4571F002D565E /* Build configuration list for PBXNativeTarget "LevelUp" */ = {
			isa = XCConfigurationList;
			buildConfigurations = (
				968CB7131DD4571F002D565E /* Debug */,
				968CB7141DD4571F002D565E /* Release */,
			);
			defaultConfigurationIsVisible = 0;
			defaultConfigurationName = Release;
		};
/* End XCConfigurationList section */
	};
	rootObject = 968CB6F81DD4571F002D565E /* Project object */;
}
